
Microsoft Visual Studio Solution File, Format Version 12.00
# Visual Studio Version 16
VisualStudioVersion = 16.0.30114.105
MinimumVisualStudioVersion = 10.0.40219.1
Project("{FAE04EC0-301F-11D3-BF4B-00C04F79EFBC}") = "XamarinApp.Android", "XamarinApp\XamarinApp.Android\XamarinApp.Android.csproj", "{E4A69CD1-846A-4438-BE53-44684F29E207}"
EndProject
Project("{FAE04EC0-301F-11D3-BF4B-00C04F79EFBC}") = "XamarinApp.iOS", "XamarinApp\XamarinApp.iOS\XamarinApp.iOS.csproj", "{3D0A1D9A-388E-40DD-BA7E-F693F5A81629}"
EndProject
Project("{9A19103F-16F7-4668-BE54-9A1E7A4F7556}") = "XamarinApp", "XamarinApp\XamarinApp\XamarinApp.csproj", "{5BED81A6-4D79-4B92-BECB-835294C07241}"
EndProject
Project("{FAE04EC0-301F-11D3-BF4B-00C04F79EFBC}") = "XamarinApp.Test", "XamarinApp.Test\XamarinApp.Test.csproj", "{A2868F36-8DF7-446C-89E7-8E0DE797D301}"
EndProject
Global
	GlobalSection(SolutionConfigurationPlatforms) = preSolution
		Debug|Any CPU = Debug|Any CPU
		Debug|iPhone = Debug|iPhone
		Debug|iPhoneSimulator = Debug|iPhoneSimulator
		Debug|x64 = Debug|x64
		Debug|x86 = Debug|x86
		Release|Any CPU = Release|Any CPU
		Release|iPhone = Release|iPhone
		Release|iPhoneSimulator = Release|iPhoneSimulator
		Release|x64 = Release|x64
		Release|x86 = Release|x86
	EndGlobalSection
	GlobalSection(ProjectConfigurationPlatforms) = postSolution
		{E4A69CD1-846A-4438-BE53-44684F29E207}.Debug|Any CPU.ActiveCfg = Debug|Any CPU
		{E4A69CD1-846A-4438-BE53-44684F29E207}.Debug|Any CPU.Build.0 = Debug|Any CPU
		{E4A69CD1-846A-4438-BE53-44684F29E207}.Debug|Any CPU.Deploy.0 = Debug|Any CPU
		{E4A69CD1-846A-4438-BE53-44684F29E207}.Debug|iPhone.ActiveCfg = Debug|Any CPU
		{E4A69CD1-846A-4438-BE53-44684F29E207}.Debug|iPhone.Build.0 = Debug|Any CPU
		{E4A69CD1-846A-4438-BE53-44684F29E207}.Debug|iPhone.Deploy.0 = Debug|Any CPU
		{E4A69CD1-846A-4438-BE53-44684F29E207}.Debug|iPhoneSimulator.ActiveCfg = Debug|Any CPU
		{E4A69CD1-846A-4438-BE53-44684F29E207}.Debug|iPhoneSimulator.Build.0 = Debug|Any CPU
		{E4A69CD1-846A-4438-BE53-44684F29E207}.Debug|iPhoneSimulator.Deploy.0 = Debug|Any CPU
		{E4A69CD1-846A-4438-BE53-44684F29E207}.Debug|x64.ActiveCfg = Debug|Any CPU
		{E4A69CD1-846A-4438-BE53-44684F29E207}.Debug|x64.Build.0 = Debug|Any CPU
		{E4A69CD1-846A-4438-BE53-44684F29E207}.Debug|x64.Deploy.0 = Debug|Any CPU
		{E4A69CD1-846A-4438-BE53-44684F29E207}.Debug|x86.ActiveCfg = Debug|Any CPU
		{E4A69CD1-846A-4438-BE53-44684F29E207}.Debug|x86.Build.0 = Debug|Any CPU
		{E4A69CD1-846A-4438-BE53-44684F29E207}.Debug|x86.Deploy.0 = Debug|Any CPU
		{E4A69CD1-846A-4438-BE53-44684F29E207}.Release|Any CPU.ActiveCfg = Release|Any CPU
		{E4A69CD1-846A-4438-BE53-44684F29E207}.Release|Any CPU.Build.0 = Release|Any CPU
		{E4A69CD1-846A-4438-BE53-44684F29E207}.Release|Any CPU.Deploy.0 = Release|Any CPU
		{E4A69CD1-846A-4438-BE53-44684F29E207}.Release|iPhone.ActiveCfg = Release|Any CPU
		{E4A69CD1-846A-4438-BE53-44684F29E207}.Release|iPhone.Build.0 = Release|Any CPU
		{E4A69CD1-846A-4438-BE53-44684F29E207}.Release|iPhone.Deploy.0 = Release|Any CPU
		{E4A69CD1-846A-4438-BE53-44684F29E207}.Release|iPhoneSimulator.ActiveCfg = Release|Any CPU
		{E4A69CD1-846A-4438-BE53-44684F29E207}.Release|iPhoneSimulator.Build.0 = Release|Any CPU
		{E4A69CD1-846A-4438-BE53-44684F29E207}.Release|iPhoneSimulator.Deploy.0 = Release|Any CPU
		{E4A69CD1-846A-4438-BE53-44684F29E207}.Release|x64.ActiveCfg = Release|Any CPU
		{E4A69CD1-846A-4438-BE53-44684F29E207}.Release|x64.Build.0 = Release|Any CPU
		{E4A69CD1-846A-4438-BE53-44684F29E207}.Release|x64.Deploy.0 = Release|Any CPU
		{E4A69CD1-846A-4438-BE53-44684F29E207}.Release|x86.ActiveCfg = Release|Any CPU
		{E4A69CD1-846A-4438-BE53-44684F29E207}.Release|x86.Build.0 = Release|Any CPU
		{E4A69CD1-846A-4438-BE53-44684F29E207}.Release|x86.Deploy.0 = Release|Any CPU
		{3D0A1D9A-388E-40DD-BA7E-F693F5A81629}.Debug|Any CPU.ActiveCfg = Debug|iPhoneSimulator
		{3D0A1D9A-388E-40DD-BA7E-F693F5A81629}.Debug|iPhone.ActiveCfg = Debug|iPhone
		{3D0A1D9A-388E-40DD-BA7E-F693F5A81629}.Debug|iPhone.Build.0 = Debug|iPhone
		{3D0A1D9A-388E-40DD-BA7E-F693F5A81629}.Debug|iPhoneSimulator.ActiveCfg = Debug|iPhoneSimulator
		{3D0A1D9A-388E-40DD-BA7E-F693F5A81629}.Debug|iPhoneSimulator.Build.0 = Debug|iPhoneSimulator
		{3D0A1D9A-388E-40DD-BA7E-F693F5A81629}.Debug|x64.ActiveCfg = Debug|iPhoneSimulator
		{3D0A1D9A-388E-40DD-BA7E-F693F5A81629}.Debug|x86.ActiveCfg = Debug|iPhoneSimulator
		{3D0A1D9A-388E-40DD-BA7E-F693F5A81629}.Release|Any CPU.ActiveCfg = Release|iPhoneSimulator
		{3D0A1D9A-388E-40DD-BA7E-F693F5A81629}.Release|iPhone.ActiveCfg = Release|iPhone
		{3D0A1D9A-388E-40DD-BA7E-F693F5A81629}.Release|iPhone.Build.0 = Release|iPhone
		{3D0A1D9A-388E-40DD-BA7E-F693F5A81629}.Release|iPhoneSimulator.ActiveCfg = Release|iPhoneSimulator
		{3D0A1D9A-388E-40DD-BA7E-F693F5A81629}.Release|iPhoneSimulator.Build.0 = Release|iPhoneSimulator
		{3D0A1D9A-388E-40DD-BA7E-F693F5A81629}.Release|x64.ActiveCfg = Release|iPhoneSimulator
		{3D0A1D9A-388E-40DD-BA7E-F693F5A81629}.Release|x86.ActiveCfg = Release|iPhoneSimulator
		{5BED81A6-4D79-4B92-BECB-835294C07241}.Debug|Any CPU.ActiveCfg = Debug|Any CPU
		{5BED81A6-4D79-4B92-BECB-835294C07241}.Debug|Any CPU.Build.0 = Debug|Any CPU
		{5BED81A6-4D79-4B92-BECB-835294C07241}.Debug|iPhone.ActiveCfg = Debug|Any CPU
		{5BED81A6-4D79-4B92-BECB-835294C07241}.Debug|iPhone.Build.0 = Debug|Any CPU
		{5BED81A6-4D79-4B92-BECB-835294C07241}.Debug|iPhoneSimulator.ActiveCfg = Debug|Any CPU
		{5BED81A6-4D79-4B92-BECB-835294C07241}.Debug|iPhoneSimulator.Build.0 = Debug|Any CPU
		{5BED81A6-4D79-4B92-BECB-835294C07241}.Debug|x64.ActiveCfg = Debug|Any CPU
		{5BED81A6-4D79-4B92-BECB-835294C07241}.Debug|x64.Build.0 = Debug|Any CPU
		{5BED81A6-4D79-4B92-BECB-835294C07241}.Debug|x86.ActiveCfg = Debug|Any CPU
		{5BED81A6-4D79-4B92-BECB-835294C07241}.Debug|x86.Build.0 = Debug|Any CPU
		{5BED81A6-4D79-4B92-BECB-835294C07241}.Release|Any CPU.ActiveCfg = Release|Any CPU
		{5BED81A6-4D79-4B92-BECB-835294C07241}.Release|Any CPU.Build.0 = Release|Any CPU
		{5BED81A6-4D79-4B92-BECB-835294C07241}.Release|iPhone.ActiveCfg = Release|Any CPU
		{5BED81A6-4D79-4B92-BECB-835294C07241}.Release|iPhone.Build.0 = Release|Any CPU
		{5BED81A6-4D79-4B92-BECB-835294C07241}.Release|iPhoneSimulator.ActiveCfg = Release|Any CPU
		{5BED81A6-4D79-4B92-BECB-835294C07241}.Release|iPhoneSimulator.Build.0 = Release|Any CPU
		{5BED81A6-4D79-4B92-BECB-835294C07241}.Release|x64.ActiveCfg = Release|Any CPU
		{5BED81A6-4D79-4B92-BECB-835294C07241}.Release|x64.Build.0 = Release|Any CPU
		{5BED81A6-4D79-4B92-BECB-835294C07241}.Release|x86.ActiveCfg = Release|Any CPU
		{5BED81A6-4D79-4B92-BECB-835294C07241}.Release|x86.Build.0 = Release|Any CPU
		{A2868F36-8DF7-446C-89E7-8E0DE797D301}.Debug|Any CPU.ActiveCfg = Debug|Any CPU
		{A2868F36-8DF7-446C-89E7-8E0DE797D301}.Debug|Any CPU.Build.0 = Debug|Any CPU
		{A2868F36-8DF7-446C-89E7-8E0DE797D301}.Debug|iPhone.ActiveCfg = Debug|Any CPU
		{A2868F36-8DF7-446C-89E7-8E0DE797D301}.Debug|iPhone.Build.0 = Debug|Any CPU
		{A2868F36-8DF7-446C-89E7-8E0DE797D301}.Debug|iPhoneSimulator.ActiveCfg = Debug|Any CPU
		{A2868F36-8DF7-446C-89E7-8E0DE797D301}.Debug|iPhoneSimulator.Build.0 = Debug|Any CPU
		{A2868F36-8DF7-446C-89E7-8E0DE797D301}.Debug|x64.ActiveCfg = Debug|Any CPU
		{A2868F36-8DF7-446C-89E7-8E0DE797D301}.Debug|x64.Build.0 = Debug|Any CPU
		{A2868F36-8DF7-446C-89E7-8E0DE797D301}.Debug|x86.ActiveCfg = Debug|Any CPU
		{A2868F36-8DF7-446C-89E7-8E0DE797D301}.Debug|x86.Build.0 = Debug|Any CPU
		{A2868F36-8DF7-446C-89E7-8E0DE797D301}.Release|Any CPU.ActiveCfg = Release|Any CPU
		{A2868F36-8DF7-446C-89E7-8E0DE797D301}.Release|Any CPU.Build.0 = Release|Any CPU
		{A2868F36-8DF7-446C-89E7-8E0DE797D301}.Release|iPhone.ActiveCfg = Release|Any CPU
		{A2868F36-8DF7-446C-89E7-8E0DE797D301}.Release|iPhone.Build.0 = Release|Any CPU
		{A2868F36-8DF7-446C-89E7-8E0DE797D301}.Release|iPhoneSimulator.ActiveCfg = Release|Any CPU
		{A2868F36-8DF7-446C-89E7-8E0DE797D301}.Release|iPhoneSimulator.Build.0 = Release|Any CPU
		{A2868F36-8DF7-446C-89E7-8E0DE797D301}.Release|x64.ActiveCfg = Release|Any CPU
		{A2868F36-8DF7-446C-89E7-8E0DE797D301}.Release|x64.Build.0 = Release|Any CPU
		{A2868F36-8DF7-446C-89E7-8E0DE797D301}.Release|x86.ActiveCfg = Release|Any CPU
		{A2868F36-8DF7-446C-89E7-8E0DE797D301}.Release|x86.Build.0 = Release|Any CPU
	EndGlobalSection
	GlobalSection(SolutionProperties) = preSolution
		HideSolutionNode = FALSE
	EndGlobalSection
	GlobalSection(ExtensibilityGlobals) = postSolution
		SolutionGuid = {ED0C36DA-6DC3-4964-AB94-BB11DAD125C8}
	EndGlobalSection
EndGlobal
